// !$*UTF8*$!
{
	archiveVersion = 1;
	classes = {
	};
	objectVersion = 46;
	objects = {

/* Begin PBXBuildFile section */
		16ED0A7DBCE1FFBD93FC8557 /* libPods.a in Frameworks */ = {isa = PBXBuildFile; fileRef = C48BE8392CF32EE204E145AF /* libPods.a */; };
		6C7340D91A74DF1100C078B1 /* main.m in Sources */ = {isa = PBXBuildFile; fileRef = 6C7340D81A74DF1100C078B1 /* main.m */; };
		6C7340DC1A74DF1100C078B1 /* AppDelegate.m in Sources */ = {isa = PBXBuildFile; fileRef = 6C7340DB1A74DF1100C078B1 /* AppDelegate.m */; };
		6C7340E21A74DF1100C078B1 /* Main.storyboard in Resources */ = {isa = PBXBuildFile; fileRef = 6C7340E01A74DF1100C078B1 /* Main.storyboard */; };
		6C7340E41A74DF1100C078B1 /* Images.xcassets in Resources */ = {isa = PBXBuildFile; fileRef = 6C7340E31A74DF1100C078B1 /* Images.xcassets */; };
		6C7340F31A74DF1200C078B1 /* Common_Roots_for_CounselorsTests.m in Sources */ = {isa = PBXBuildFile; fileRef = 6C7340F21A74DF1200C078B1 /* Common_Roots_for_CounselorsTests.m */; };
		6C7341191A74DFA500C078B1 /* UIColor+Common_Roots.m in Sources */ = {isa = PBXBuildFile; fileRef = 6C7340FE1A74DFA500C078B1 /* UIColor+Common_Roots.m */; };
		6C73411A1A74DFA500C078B1 /* CRChatViewController.m in Sources */ = {isa = PBXBuildFile; fileRef = 6C7341011A74DFA500C078B1 /* CRChatViewController.m */; };
		6C73411B1A74DFA500C078B1 /* CRConversationsViewController.m in Sources */ = {isa = PBXBuildFile; fileRef = 6C7341031A74DFA500C078B1 /* CRConversationsViewController.m */; };
		6C73411C1A74DFA500C078B1 /* CRCounselorsViewController.m in Sources */ = {isa = PBXBuildFile; fileRef = 6C7341051A74DFA500C078B1 /* CRCounselorsViewController.m */; };
		6C73411D1A74DFA500C078B1 /* CRLoginViewController.m in Sources */ = {isa = PBXBuildFile; fileRef = 6C7341071A74DFA500C078B1 /* CRLoginViewController.m */; };
		6C73411E1A74DFA500C078B1 /* CRAuthenticationManager.m in Sources */ = {isa = PBXBuildFile; fileRef = 6C73410A1A74DFA500C078B1 /* CRAuthenticationManager.m */; };
		6C73411F1A74DFA500C078B1 /* CRConversationManager.m in Sources */ = {isa = PBXBuildFile; fileRef = 6C73410C1A74DFA500C078B1 /* CRConversationManager.m */; };
		6C7341201A74DFA500C078B1 /* CRNetworkRequest.m in Sources */ = {isa = PBXBuildFile; fileRef = 6C73410E1A74DFA500C078B1 /* CRNetworkRequest.m */; };
		6C7341211A74DFA500C078B1 /* CRConversation.m in Sources */ = {isa = PBXBuildFile; fileRef = 6C7341111A74DFA500C078B1 /* CRConversation.m */; };
		6C7341221A74DFA500C078B1 /* CRCounselor.m in Sources */ = {isa = PBXBuildFile; fileRef = 6C7341131A74DFA500C078B1 /* CRCounselor.m */; };
		6C7341231A74DFA500C078B1 /* CRUser.m in Sources */ = {isa = PBXBuildFile; fileRef = 6C7341151A74DFA500C078B1 /* CRUser.m */; };
		6C7341241A74DFA500C078B1 /* CRLocalNotificationView.m in Sources */ = {isa = PBXBuildFile; fileRef = 6C7341181A74DFA500C078B1 /* CRLocalNotificationView.m */; };
		B258B4371A758A0000B087BB /* RTSpinKitArcAltAnimation.m in Sources */ = {isa = PBXBuildFile; fileRef = B258B42B1A758A0000B087BB /* RTSpinKitArcAltAnimation.m */; };
		B258B4381A758A0000B087BB /* RTSpinKitBounceAnimation.m in Sources */ = {isa = PBXBuildFile; fileRef = B258B42D1A758A0000B087BB /* RTSpinKitBounceAnimation.m */; };
		B258B4391A758A0000B087BB /* RTSpinKitPulseAnimation.m in Sources */ = {isa = PBXBuildFile; fileRef = B258B42F1A758A0000B087BB /* RTSpinKitPulseAnimation.m */; };
		B258B43A1A758A0000B087BB /* RTSpinKitCircleFlipAnimation.m in Sources */ = {isa = PBXBuildFile; fileRef = B258B4311A758A0000B087BB /* RTSpinKitCircleFlipAnimation.m */; };
		B258B43B1A758A0000B087BB /* RTSpinKitView.m in Sources */ = {isa = PBXBuildFile; fileRef = B258B4331A758A0000B087BB /* RTSpinKitView.m */; };
		B258B43C1A758A0000B087BB /* RTSpinKitUtils.m in Sources */ = {isa = PBXBuildFile; fileRef = B258B4351A758A0000B087BB /* RTSpinKitUtils.m */; };
/* End PBXBuildFile section */

/* Begin PBXContainerItemProxy section */
		6C7340ED1A74DF1200C078B1 /* PBXContainerItemProxy */ = {
			isa = PBXContainerItemProxy;
			containerPortal = 6C7340CB1A74DF1100C078B1 /* Project object */;
			proxyType = 1;
			remoteGlobalIDString = 6C7340D21A74DF1100C078B1;
			remoteInfo = "Common Roots for Counselors";
		};
/* End PBXContainerItemProxy section */

/* Begin PBXFileReference section */
		6C7340D31A74DF1100C078B1 /* Common Roots for Counselors.app */ = {isa = PBXFileReference; explicitFileType = wrapper.application; includeInIndex = 0; path = "Common Roots for Counselors.app"; sourceTree = BUILT_PRODUCTS_DIR; };
		6C7340D71A74DF1100C078B1 /* Info.plist */ = {isa = PBXFileReference; lastKnownFileType = text.plist.xml; path = Info.plist; sourceTree = "<group>"; };
		6C7340D81A74DF1100C078B1 /* main.m */ = {isa = PBXFileReference; lastKnownFileType = sourcecode.c.objc; path = main.m; sourceTree = "<group>"; };
		6C7340DA1A74DF1100C078B1 /* AppDelegate.h */ = {isa = PBXFileReference; lastKnownFileType = sourcecode.c.h; path = AppDelegate.h; sourceTree = "<group>"; };
		6C7340DB1A74DF1100C078B1 /* AppDelegate.m */ = {isa = PBXFileReference; lastKnownFileType = sourcecode.c.objc; path = AppDelegate.m; sourceTree = "<group>"; };
		6C7340E11A74DF1100C078B1 /* Base */ = {isa = PBXFileReference; lastKnownFileType = file.storyboard; name = Base; path = Base.lproj/Main.storyboard; sourceTree = "<group>"; };
		6C7340E31A74DF1100C078B1 /* Images.xcassets */ = {isa = PBXFileReference; lastKnownFileType = folder.assetcatalog; path = Images.xcassets; sourceTree = "<group>"; };
		6C7340EC1A74DF1200C078B1 /* Common Roots for CounselorsTests.xctest */ = {isa = PBXFileReference; explicitFileType = wrapper.cfbundle; includeInIndex = 0; path = "Common Roots for CounselorsTests.xctest"; sourceTree = BUILT_PRODUCTS_DIR; };
		6C7340F11A74DF1200C078B1 /* Info.plist */ = {isa = PBXFileReference; lastKnownFileType = text.plist.xml; path = Info.plist; sourceTree = "<group>"; };
		6C7340F21A74DF1200C078B1 /* Common_Roots_for_CounselorsTests.m */ = {isa = PBXFileReference; lastKnownFileType = sourcecode.c.objc; path = Common_Roots_for_CounselorsTests.m; sourceTree = "<group>"; };
		6C7340FD1A74DFA500C078B1 /* UIColor+Common_Roots.h */ = {isa = PBXFileReference; fileEncoding = 4; lastKnownFileType = sourcecode.c.h; path = "UIColor+Common_Roots.h"; sourceTree = "<group>"; };
		6C7340FE1A74DFA500C078B1 /* UIColor+Common_Roots.m */ = {isa = PBXFileReference; fileEncoding = 4; lastKnownFileType = sourcecode.c.objc; path = "UIColor+Common_Roots.m"; sourceTree = "<group>"; };
		6C7341001A74DFA500C078B1 /* CRChatViewController.h */ = {isa = PBXFileReference; fileEncoding = 4; lastKnownFileType = sourcecode.c.h; path = CRChatViewController.h; sourceTree = "<group>"; };
		6C7341011A74DFA500C078B1 /* CRChatViewController.m */ = {isa = PBXFileReference; fileEncoding = 4; lastKnownFileType = sourcecode.c.objc; path = CRChatViewController.m; sourceTree = "<group>"; };
		6C7341021A74DFA500C078B1 /* CRConversationsViewController.h */ = {isa = PBXFileReference; fileEncoding = 4; lastKnownFileType = sourcecode.c.h; path = CRConversationsViewController.h; sourceTree = "<group>"; };
		6C7341031A74DFA500C078B1 /* CRConversationsViewController.m */ = {isa = PBXFileReference; fileEncoding = 4; lastKnownFileType = sourcecode.c.objc; path = CRConversationsViewController.m; sourceTree = "<group>"; };
		6C7341041A74DFA500C078B1 /* CRCounselorsViewController.h */ = {isa = PBXFileReference; fileEncoding = 4; lastKnownFileType = sourcecode.c.h; path = CRCounselorsViewController.h; sourceTree = "<group>"; };
		6C7341051A74DFA500C078B1 /* CRCounselorsViewController.m */ = {isa = PBXFileReference; fileEncoding = 4; lastKnownFileType = sourcecode.c.objc; path = CRCounselorsViewController.m; sourceTree = "<group>"; };
		6C7341061A74DFA500C078B1 /* CRLoginViewController.h */ = {isa = PBXFileReference; fileEncoding = 4; lastKnownFileType = sourcecode.c.h; path = CRLoginViewController.h; sourceTree = "<group>"; };
		6C7341071A74DFA500C078B1 /* CRLoginViewController.m */ = {isa = PBXFileReference; fileEncoding = 4; lastKnownFileType = sourcecode.c.objc; path = CRLoginViewController.m; sourceTree = "<group>"; };
		6C7341091A74DFA500C078B1 /* CRAuthenticationManager.h */ = {isa = PBXFileReference; fileEncoding = 4; lastKnownFileType = sourcecode.c.h; path = CRAuthenticationManager.h; sourceTree = "<group>"; };
		6C73410A1A74DFA500C078B1 /* CRAuthenticationManager.m */ = {isa = PBXFileReference; fileEncoding = 4; lastKnownFileType = sourcecode.c.objc; path = CRAuthenticationManager.m; sourceTree = "<group>"; };
		6C73410B1A74DFA500C078B1 /* CRConversationManager.h */ = {isa = PBXFileReference; fileEncoding = 4; lastKnownFileType = sourcecode.c.h; path = CRConversationManager.h; sourceTree = "<group>"; };
		6C73410C1A74DFA500C078B1 /* CRConversationManager.m */ = {isa = PBXFileReference; fileEncoding = 4; lastKnownFileType = sourcecode.c.objc; path = CRConversationManager.m; sourceTree = "<group>"; };
		6C73410D1A74DFA500C078B1 /* CRNetworkRequest.h */ = {isa = PBXFileReference; fileEncoding = 4; lastKnownFileType = sourcecode.c.h; path = CRNetworkRequest.h; sourceTree = "<group>"; };
		6C73410E1A74DFA500C078B1 /* CRNetworkRequest.m */ = {isa = PBXFileReference; fileEncoding = 4; lastKnownFileType = sourcecode.c.objc; path = CRNetworkRequest.m; sourceTree = "<group>"; };
		6C7341101A74DFA500C078B1 /* CRConversation.h */ = {isa = PBXFileReference; fileEncoding = 4; lastKnownFileType = sourcecode.c.h; path = CRConversation.h; sourceTree = "<group>"; };
		6C7341111A74DFA500C078B1 /* CRConversation.m */ = {isa = PBXFileReference; fileEncoding = 4; lastKnownFileType = sourcecode.c.objc; path = CRConversation.m; sourceTree = "<group>"; };
		6C7341121A74DFA500C078B1 /* CRCounselor.h */ = {isa = PBXFileReference; fileEncoding = 4; lastKnownFileType = sourcecode.c.h; path = CRCounselor.h; sourceTree = "<group>"; };
		6C7341131A74DFA500C078B1 /* CRCounselor.m */ = {isa = PBXFileReference; fileEncoding = 4; lastKnownFileType = sourcecode.c.objc; path = CRCounselor.m; sourceTree = "<group>"; };
		6C7341141A74DFA500C078B1 /* CRUser.h */ = {isa = PBXFileReference; fileEncoding = 4; lastKnownFileType = sourcecode.c.h; path = CRUser.h; sourceTree = "<group>"; };
		6C7341151A74DFA500C078B1 /* CRUser.m */ = {isa = PBXFileReference; fileEncoding = 4; lastKnownFileType = sourcecode.c.objc; path = CRUser.m; sourceTree = "<group>"; };
		6C7341171A74DFA500C078B1 /* CRLocalNotificationView.h */ = {isa = PBXFileReference; fileEncoding = 4; lastKnownFileType = sourcecode.c.h; path = CRLocalNotificationView.h; sourceTree = "<group>"; };
		6C7341181A74DFA500C078B1 /* CRLocalNotificationView.m */ = {isa = PBXFileReference; fileEncoding = 4; lastKnownFileType = sourcecode.c.objc; path = CRLocalNotificationView.m; sourceTree = "<group>"; };
		750A4D7E8CE085187EFCE1D9 /* Pods.release.xcconfig */ = {isa = PBXFileReference; includeInIndex = 1; lastKnownFileType = text.xcconfig; name = Pods.release.xcconfig; path = "Pods/Target Support Files/Pods/Pods.release.xcconfig"; sourceTree = "<group>"; };
		B258B42A1A758A0000B087BB /* RTSpinKitArcAltAnimation.h */ = {isa = PBXFileReference; fileEncoding = 4; lastKnownFileType = sourcecode.c.h; path = RTSpinKitArcAltAnimation.h; sourceTree = "<group>"; };
		B258B42B1A758A0000B087BB /* RTSpinKitArcAltAnimation.m */ = {isa = PBXFileReference; fileEncoding = 4; lastKnownFileType = sourcecode.c.objc; path = RTSpinKitArcAltAnimation.m; sourceTree = "<group>"; };
		B258B42C1A758A0000B087BB /* RTSpinKitBounceAnimation.h */ = {isa = PBXFileReference; fileEncoding = 4; lastKnownFileType = sourcecode.c.h; path = RTSpinKitBounceAnimation.h; sourceTree = "<group>"; };
		B258B42D1A758A0000B087BB /* RTSpinKitBounceAnimation.m */ = {isa = PBXFileReference; fileEncoding = 4; lastKnownFileType = sourcecode.c.objc; path = RTSpinKitBounceAnimation.m; sourceTree = "<group>"; };
		B258B42E1A758A0000B087BB /* RTSpinKitPulseAnimation.h */ = {isa = PBXFileReference; fileEncoding = 4; lastKnownFileType = sourcecode.c.h; path = RTSpinKitPulseAnimation.h; sourceTree = "<group>"; };
		B258B42F1A758A0000B087BB /* RTSpinKitPulseAnimation.m */ = {isa = PBXFileReference; fileEncoding = 4; lastKnownFileType = sourcecode.c.objc; path = RTSpinKitPulseAnimation.m; sourceTree = "<group>"; };
		B258B4301A758A0000B087BB /* RTSpinKitCircleFlipAnimation.h */ = {isa = PBXFileReference; fileEncoding = 4; lastKnownFileType = sourcecode.c.h; path = RTSpinKitCircleFlipAnimation.h; sourceTree = "<group>"; };
		B258B4311A758A0000B087BB /* RTSpinKitCircleFlipAnimation.m */ = {isa = PBXFileReference; fileEncoding = 4; lastKnownFileType = sourcecode.c.objc; path = RTSpinKitCircleFlipAnimation.m; sourceTree = "<group>"; };
		B258B4321A758A0000B087BB /* RTSpinKitAnimating.h */ = {isa = PBXFileReference; fileEncoding = 4; lastKnownFileType = sourcecode.c.h; path = RTSpinKitAnimating.h; sourceTree = "<group>"; };
		B258B4331A758A0000B087BB /* RTSpinKitView.m */ = {isa = PBXFileReference; fileEncoding = 4; lastKnownFileType = sourcecode.c.objc; path = RTSpinKitView.m; sourceTree = "<group>"; };
		B258B4341A758A0000B087BB /* RTSpinKitView.h */ = {isa = PBXFileReference; fileEncoding = 4; lastKnownFileType = sourcecode.c.h; path = RTSpinKitView.h; sourceTree = "<group>"; };
		B258B4351A758A0000B087BB /* RTSpinKitUtils.m */ = {isa = PBXFileReference; fileEncoding = 4; lastKnownFileType = sourcecode.c.objc; path = RTSpinKitUtils.m; sourceTree = "<group>"; };
		B258B4361A758A0000B087BB /* RTSpinKitUtils.h */ = {isa = PBXFileReference; fileEncoding = 4; lastKnownFileType = sourcecode.c.h; path = RTSpinKitUtils.h; sourceTree = "<group>"; };
		C48BE8392CF32EE204E145AF /* libPods.a */ = {isa = PBXFileReference; explicitFileType = archive.ar; includeInIndex = 0; path = libPods.a; sourceTree = BUILT_PRODUCTS_DIR; };
		DFD86D68A9113FEA971D0ABE /* Pods.debug.xcconfig */ = {isa = PBXFileReference; includeInIndex = 1; lastKnownFileType = text.xcconfig; name = Pods.debug.xcconfig; path = "Pods/Target Support Files/Pods/Pods.debug.xcconfig"; sourceTree = "<group>"; };
/* End PBXFileReference section */

/* Begin PBXFrameworksBuildPhase section */
		6C7340D01A74DF1100C078B1 /* Frameworks */ = {
			isa = PBXFrameworksBuildPhase;
			buildActionMask = 2147483647;
			files = (
				16ED0A7DBCE1FFBD93FC8557 /* libPods.a in Frameworks */,
			);
			runOnlyForDeploymentPostprocessing = 0;
		};
		6C7340E91A74DF1200C078B1 /* Frameworks */ = {
			isa = PBXFrameworksBuildPhase;
			buildActionMask = 2147483647;
			files = (
			);
			runOnlyForDeploymentPostprocessing = 0;
		};
/* End PBXFrameworksBuildPhase section */

/* Begin PBXGroup section */
		3506C93268A9D6D2C7CD8227 /* Pods */ = {
			isa = PBXGroup;
			children = (
				DFD86D68A9113FEA971D0ABE /* Pods.debug.xcconfig */,
				750A4D7E8CE085187EFCE1D9 /* Pods.release.xcconfig */,
			);
			name = Pods;
			sourceTree = "<group>";
		};
		6C7340CA1A74DF1100C078B1 = {
			isa = PBXGroup;
			children = (
				6C7340D51A74DF1100C078B1 /* Common Roots for Counselors */,
				6C7340EF1A74DF1200C078B1 /* Common Roots for CounselorsTests */,
				6C7340D41A74DF1100C078B1 /* Products */,
				3506C93268A9D6D2C7CD8227 /* Pods */,
				6F17B95E322F5625C7130BB8 /* Frameworks */,
			);
			sourceTree = "<group>";
		};
		6C7340D41A74DF1100C078B1 /* Products */ = {
			isa = PBXGroup;
			children = (
				6C7340D31A74DF1100C078B1 /* Common Roots for Counselors.app */,
				6C7340EC1A74DF1200C078B1 /* Common Roots for CounselorsTests.xctest */,
			);
			name = Products;
			sourceTree = "<group>";
		};
		6C7340D51A74DF1100C078B1 /* Common Roots for Counselors */ = {
			isa = PBXGroup;
			children = (
				6C7340DA1A74DF1100C078B1 /* AppDelegate.h */,
				6C7340DB1A74DF1100C078B1 /* AppDelegate.m */,
				6C7340E01A74DF1100C078B1 /* Main.storyboard */,
				B258B43E1A758A2E00B087BB /* SpinKit */,
				6C7340FC1A74DFA500C078B1 /* Categories */,
				6C7340FF1A74DFA500C078B1 /* Controllers */,
				6C7341081A74DFA500C078B1 /* Helpers */,
				6C73410F1A74DFA500C078B1 /* Models */,
				6C7341161A74DFA500C078B1 /* Views */,
				6C7340E31A74DF1100C078B1 /* Images.xcassets */,
				6C7340D61A74DF1100C078B1 /* Supporting Files */,
			);
			path = "Common Roots for Counselors";
			sourceTree = "<group>";
		};
		6C7340D61A74DF1100C078B1 /* Supporting Files */ = {
			isa = PBXGroup;
			children = (
				6C7340D71A74DF1100C078B1 /* Info.plist */,
				6C7340D81A74DF1100C078B1 /* main.m */,
			);
			name = "Supporting Files";
			sourceTree = "<group>";
		};
		6C7340EF1A74DF1200C078B1 /* Common Roots for CounselorsTests */ = {
			isa = PBXGroup;
			children = (
				6C7340F21A74DF1200C078B1 /* Common_Roots_for_CounselorsTests.m */,
				6C7340F01A74DF1200C078B1 /* Supporting Files */,
			);
			path = "Common Roots for CounselorsTests";
			sourceTree = "<group>";
		};
		6C7340F01A74DF1200C078B1 /* Supporting Files */ = {
			isa = PBXGroup;
			children = (
				6C7340F11A74DF1200C078B1 /* Info.plist */,
			);
			name = "Supporting Files";
			sourceTree = "<group>";
		};
		6C7340FC1A74DFA500C078B1 /* Categories */ = {
			isa = PBXGroup;
			children = (
				6C7340FD1A74DFA500C078B1 /* UIColor+Common_Roots.h */,
				6C7340FE1A74DFA500C078B1 /* UIColor+Common_Roots.m */,
			);
			path = Categories;
			sourceTree = "<group>";
		};
		6C7340FF1A74DFA500C078B1 /* Controllers */ = {
			isa = PBXGroup;
			children = (
				6C7341001A74DFA500C078B1 /* CRChatViewController.h */,
				6C7341011A74DFA500C078B1 /* CRChatViewController.m */,
				6C7341021A74DFA500C078B1 /* CRConversationsViewController.h */,
				6C7341031A74DFA500C078B1 /* CRConversationsViewController.m */,
				6C7341041A74DFA500C078B1 /* CRCounselorsViewController.h */,
				6C7341051A74DFA500C078B1 /* CRCounselorsViewController.m */,
				6C7341061A74DFA500C078B1 /* CRLoginViewController.h */,
				6C7341071A74DFA500C078B1 /* CRLoginViewController.m */,
			);
			path = Controllers;
			sourceTree = "<group>";
		};
		6C7341081A74DFA500C078B1 /* Helpers */ = {
			isa = PBXGroup;
			children = (
				6C7341091A74DFA500C078B1 /* CRAuthenticationManager.h */,
				6C73410A1A74DFA500C078B1 /* CRAuthenticationManager.m */,
				6C73410B1A74DFA500C078B1 /* CRConversationManager.h */,
				6C73410C1A74DFA500C078B1 /* CRConversationManager.m */,
				6C73410D1A74DFA500C078B1 /* CRNetworkRequest.h */,
				6C73410E1A74DFA500C078B1 /* CRNetworkRequest.m */,
			);
			path = Helpers;
			sourceTree = "<group>";
		};
		6C73410F1A74DFA500C078B1 /* Models */ = {
			isa = PBXGroup;
			children = (
				6C7341101A74DFA500C078B1 /* CRConversation.h */,
				6C7341111A74DFA500C078B1 /* CRConversation.m */,
				6C7341121A74DFA500C078B1 /* CRCounselor.h */,
				6C7341131A74DFA500C078B1 /* CRCounselor.m */,
				6C7341141A74DFA500C078B1 /* CRUser.h */,
				6C7341151A74DFA500C078B1 /* CRUser.m */,
			);
			path = Models;
			sourceTree = "<group>";
		};
		6C7341161A74DFA500C078B1 /* Views */ = {
			isa = PBXGroup;
			children = (
				6C7341171A74DFA500C078B1 /* CRLocalNotificationView.h */,
				6C7341181A74DFA500C078B1 /* CRLocalNotificationView.m */,
			);
			path = Views;
			sourceTree = "<group>";
		};
		6F17B95E322F5625C7130BB8 /* Frameworks */ = {
			isa = PBXGroup;
			children = (
				C48BE8392CF32EE204E145AF /* libPods.a */,
			);
			name = Frameworks;
			sourceTree = "<group>";
		};
		B258B43D1A758A2400B087BB /* Animations */ = {
			isa = PBXGroup;
			children = (
				B258B42A1A758A0000B087BB /* RTSpinKitArcAltAnimation.h */,
				B258B42B1A758A0000B087BB /* RTSpinKitArcAltAnimation.m */,
				B258B42C1A758A0000B087BB /* RTSpinKitBounceAnimation.h */,
				B258B42D1A758A0000B087BB /* RTSpinKitBounceAnimation.m */,
				B258B42E1A758A0000B087BB /* RTSpinKitPulseAnimation.h */,
				B258B42F1A758A0000B087BB /* RTSpinKitPulseAnimation.m */,
				B258B4301A758A0000B087BB /* RTSpinKitCircleFlipAnimation.h */,
				B258B4311A758A0000B087BB /* RTSpinKitCircleFlipAnimation.m */,
				B258B4321A758A0000B087BB /* RTSpinKitAnimating.h */,
			);
			name = Animations;
			sourceTree = "<group>";
		};
		B258B43E1A758A2E00B087BB /* SpinKit */ = {
			isa = PBXGroup;
			children = (
				B258B43D1A758A2400B087BB /* Animations */,
				B258B4331A758A0000B087BB /* RTSpinKitView.m */,
				B258B4341A758A0000B087BB /* RTSpinKitView.h */,
				B258B4351A758A0000B087BB /* RTSpinKitUtils.m */,
				B258B4361A758A0000B087BB /* RTSpinKitUtils.h */,
			);
			name = SpinKit;
			sourceTree = "<group>";
		};
/* End PBXGroup section */

/* Begin PBXNativeTarget section */
		6C7340D21A74DF1100C078B1 /* Common Roots for Counselors */ = {
			isa = PBXNativeTarget;
			buildConfigurationList = 6C7340F61A74DF1200C078B1 /* Build configuration list for PBXNativeTarget "Common Roots for Counselors" */;
			buildPhases = (
				0EDE4003D1B3EC59F9C8ACD0 /* Check Pods Manifest.lock */,
				6C7340CF1A74DF1100C078B1 /* Sources */,
				6C7340D01A74DF1100C078B1 /* Frameworks */,
				6C7340D11A74DF1100C078B1 /* Resources */,
				5794556E6CD366BBE7330A37 /* Copy Pods Resources */,
			);
			buildRules = (
			);
			dependencies = (
			);
			name = "Common Roots for Counselors";
			productName = "Common Roots for Counselors";
			productReference = 6C7340D31A74DF1100C078B1 /* Common Roots for Counselors.app */;
			productType = "com.apple.product-type.application";
		};
		6C7340EB1A74DF1200C078B1 /* Common Roots for CounselorsTests */ = {
			isa = PBXNativeTarget;
			buildConfigurationList = 6C7340F91A74DF1200C078B1 /* Build configuration list for PBXNativeTarget "Common Roots for CounselorsTests" */;
			buildPhases = (
				6C7340E81A74DF1200C078B1 /* Sources */,
				6C7340E91A74DF1200C078B1 /* Frameworks */,
				6C7340EA1A74DF1200C078B1 /* Resources */,
			);
			buildRules = (
			);
			dependencies = (
				6C7340EE1A74DF1200C078B1 /* PBXTargetDependency */,
			);
			name = "Common Roots for CounselorsTests";
			productName = "Common Roots for CounselorsTests";
			productReference = 6C7340EC1A74DF1200C078B1 /* Common Roots for CounselorsTests.xctest */;
			productType = "com.apple.product-type.bundle.unit-test";
		};
/* End PBXNativeTarget section */

/* Begin PBXProject section */
		6C7340CB1A74DF1100C078B1 /* Project object */ = {
			isa = PBXProject;
			attributes = {
				LastUpgradeCheck = 0610;
				ORGANIZATIONNAME = "Parameter Labs";
				TargetAttributes = {
					6C7340D21A74DF1100C078B1 = {
						CreatedOnToolsVersion = 6.1.1;
					};
					6C7340EB1A74DF1200C078B1 = {
						CreatedOnToolsVersion = 6.1.1;
						TestTargetID = 6C7340D21A74DF1100C078B1;
					};
				};
			};
			buildConfigurationList = 6C7340CE1A74DF1100C078B1 /* Build configuration list for PBXProject "Common Roots for Counselors" */;
			compatibilityVersion = "Xcode 3.2";
			developmentRegion = English;
			hasScannedForEncodings = 0;
			knownRegions = (
				en,
				Base,
			);
			mainGroup = 6C7340CA1A74DF1100C078B1;
			productRefGroup = 6C7340D41A74DF1100C078B1 /* Products */;
			projectDirPath = "";
			projectRoot = "";
			targets = (
				6C7340D21A74DF1100C078B1 /* Common Roots for Counselors */,
				6C7340EB1A74DF1200C078B1 /* Common Roots for CounselorsTests */,
			);
		};
/* End PBXProject section */

/* Begin PBXResourcesBuildPhase section */
		6C7340D11A74DF1100C078B1 /* Resources */ = {
			isa = PBXResourcesBuildPhase;
			buildActionMask = 2147483647;
			files = (
				6C7340E21A74DF1100C078B1 /* Main.storyboard in Resources */,
				6C7340E41A74DF1100C078B1 /* Images.xcassets in Resources */,
			);
			runOnlyForDeploymentPostprocessing = 0;
		};
		6C7340EA1A74DF1200C078B1 /* Resources */ = {
			isa = PBXResourcesBuildPhase;
			buildActionMask = 2147483647;
			files = (
			);
			runOnlyForDeploymentPostprocessing = 0;
		};
/* End PBXResourcesBuildPhase section */

/* Begin PBXShellScriptBuildPhase section */
		0EDE4003D1B3EC59F9C8ACD0 /* Check Pods Manifest.lock */ = {
			isa = PBXShellScriptBuildPhase;
			buildActionMask = 2147483647;
			files = (
			);
			inputPaths = (
			);
			name = "Check Pods Manifest.lock";
			outputPaths = (
			);
			runOnlyForDeploymentPostprocessing = 0;
			shellPath = /bin/sh;
			shellScript = "diff \"${PODS_ROOT}/../Podfile.lock\" \"${PODS_ROOT}/Manifest.lock\" > /dev/null\nif [[ $? != 0 ]] ; then\n    cat << EOM\nerror: The sandbox is not in sync with the Podfile.lock. Run 'pod install' or update your CocoaPods installation.\nEOM\n    exit 1\nfi\n";
			showEnvVarsInLog = 0;
		};
		5794556E6CD366BBE7330A37 /* Copy Pods Resources */ = {
			isa = PBXShellScriptBuildPhase;
			buildActionMask = 2147483647;
			files = (
			);
			inputPaths = (
			);
			name = "Copy Pods Resources";
			outputPaths = (
			);
			runOnlyForDeploymentPostprocessing = 0;
			shellPath = /bin/sh;
			shellScript = "\"${SRCROOT}/Pods/Target Support Files/Pods/Pods-resources.sh\"\n";
			showEnvVarsInLog = 0;
		};
/* End PBXShellScriptBuildPhase section */

/* Begin PBXSourcesBuildPhase section */
		6C7340CF1A74DF1100C078B1 /* Sources */ = {
			isa = PBXSourcesBuildPhase;
			buildActionMask = 2147483647;
			files = (
				B258B4371A758A0000B087BB /* RTSpinKitArcAltAnimation.m in Sources */,
				6C73411B1A74DFA500C078B1 /* CRConversationsViewController.m in Sources */,
				B258B43A1A758A0000B087BB /* RTSpinKitCircleFlipAnimation.m in Sources */,
				6C7341201A74DFA500C078B1 /* CRNetworkRequest.m in Sources */,
				B258B43C1A758A0000B087BB /* RTSpinKitUtils.m in Sources */,
				B258B4391A758A0000B087BB /* RTSpinKitPulseAnimation.m in Sources */,
				6C7341241A74DFA500C078B1 /* CRLocalNotificationView.m in Sources */,
				6C7341191A74DFA500C078B1 /* UIColor+Common_Roots.m in Sources */,
				6C73411C1A74DFA500C078B1 /* CRCounselorsViewController.m in Sources */,
				6C73411D1A74DFA500C078B1 /* CRLoginViewController.m in Sources */,
				6C73411E1A74DFA500C078B1 /* CRAuthenticationManager.m in Sources */,
				6C7341211A74DFA500C078B1 /* CRConversation.m in Sources */,
				B258B4381A758A0000B087BB /* RTSpinKitBounceAnimation.m in Sources */,
				6C7341221A74DFA500C078B1 /* CRCounselor.m in Sources */,
				6C73411F1A74DFA500C078B1 /* CRConversationManager.m in Sources */,
				B258B43B1A758A0000B087BB /* RTSpinKitView.m in Sources */,
				6C73411A1A74DFA500C078B1 /* CRChatViewController.m in Sources */,
				6C7341231A74DFA500C078B1 /* CRUser.m in Sources */,
				6C7340DC1A74DF1100C078B1 /* AppDelegate.m in Sources */,
				6C7340D91A74DF1100C078B1 /* main.m in Sources */,
			);
			runOnlyForDeploymentPostprocessing = 0;
		};
		6C7340E81A74DF1200C078B1 /* Sources */ = {
			isa = PBXSourcesBuildPhase;
			buildActionMask = 2147483647;
			files = (
				6C7340F31A74DF1200C078B1 /* Common_Roots_for_CounselorsTests.m in Sources */,
			);
			runOnlyForDeploymentPostprocessing = 0;
		};
/* End PBXSourcesBuildPhase section */

/* Begin PBXTargetDependency section */
		6C7340EE1A74DF1200C078B1 /* PBXTargetDependency */ = {
			isa = PBXTargetDependency;
			target = 6C7340D21A74DF1100C078B1 /* Common Roots for Counselors */;
			targetProxy = 6C7340ED1A74DF1200C078B1 /* PBXContainerItemProxy */;
		};
/* End PBXTargetDependency section */

/* Begin PBXVariantGroup section */
		6C7340E01A74DF1100C078B1 /* Main.storyboard */ = {
			isa = PBXVariantGroup;
			children = (
				6C7340E11A74DF1100C078B1 /* Base */,
			);
			name = Main.storyboard;
			sourceTree = "<group>";
		};
/* End PBXVariantGroup section */

/* Begin XCBuildConfiguration section */
		6C7340F41A74DF1200C078B1 /* Debug */ = {
			isa = XCBuildConfiguration;
			buildSettings = {
				ALWAYS_SEARCH_USER_PATHS = NO;
				CLANG_CXX_LANGUAGE_STANDARD = "gnu++0x";
				CLANG_CXX_LIBRARY = "libc++";
				CLANG_ENABLE_MODULES = YES;
				CLANG_ENABLE_OBJC_ARC = YES;
				CLANG_WARN_BOOL_CONVERSION = YES;
				CLANG_WARN_CONSTANT_CONVERSION = YES;
				CLANG_WARN_DIRECT_OBJC_ISA_USAGE = YES_ERROR;
				CLANG_WARN_EMPTY_BODY = YES;
				CLANG_WARN_ENUM_CONVERSION = YES;
				CLANG_WARN_INT_CONVERSION = YES;
				CLANG_WARN_OBJC_ROOT_CLASS = YES_ERROR;
				CLANG_WARN_UNREACHABLE_CODE = YES;
				CLANG_WARN__DUPLICATE_METHOD_MATCH = YES;
				"CODE_SIGN_IDENTITY[sdk=iphoneos*]" = "iPhone Developer";
				COPY_PHASE_STRIP = NO;
				ENABLE_STRICT_OBJC_MSGSEND = YES;
				GCC_C_LANGUAGE_STANDARD = gnu99;
				GCC_DYNAMIC_NO_PIC = NO;
				GCC_OPTIMIZATION_LEVEL = 0;
				GCC_PREPROCESSOR_DEFINITIONS = (
					"DEBUG=1",
					"$(inherited)",
				);
				GCC_SYMBOLS_PRIVATE_EXTERN = NO;
				GCC_WARN_64_TO_32_BIT_CONVERSION = YES;
				GCC_WARN_ABOUT_RETURN_TYPE = YES_ERROR;
				GCC_WARN_UNDECLARED_SELECTOR = YES;
				GCC_WARN_UNINITIALIZED_AUTOS = YES_AGGRESSIVE;
				GCC_WARN_UNUSED_FUNCTION = YES;
				GCC_WARN_UNUSED_VARIABLE = YES;
				IPHONEOS_DEPLOYMENT_TARGET = 8.1;
				MTL_ENABLE_DEBUG_INFO = YES;
				ONLY_ACTIVE_ARCH = YES;
				SDKROOT = iphoneos;
			};
			name = Debug;
		};
		6C7340F51A74DF1200C078B1 /* Release */ = {
			isa = XCBuildConfiguration;
			buildSettings = {
				ALWAYS_SEARCH_USER_PATHS = NO;
				CLANG_CXX_LANGUAGE_STANDARD = "gnu++0x";
				CLANG_CXX_LIBRARY = "libc++";
				CLANG_ENABLE_MODULES = YES;
				CLANG_ENABLE_OBJC_ARC = YES;
				CLANG_WARN_BOOL_CONVERSION = YES;
				CLANG_WARN_CONSTANT_CONVERSION = YES;
				CLANG_WARN_DIRECT_OBJC_ISA_USAGE = YES_ERROR;
				CLANG_WARN_EMPTY_BODY = YES;
				CLANG_WARN_ENUM_CONVERSION = YES;
				CLANG_WARN_INT_CONVERSION = YES;
				CLANG_WARN_OBJC_ROOT_CLASS = YES_ERROR;
				CLANG_WARN_UNREACHABLE_CODE = YES;
				CLANG_WARN__DUPLICATE_METHOD_MATCH = YES;
				"CODE_SIGN_IDENTITY[sdk=iphoneos*]" = "iPhone Developer";
				COPY_PHASE_STRIP = YES;
				ENABLE_NS_ASSERTIONS = NO;
				ENABLE_STRICT_OBJC_MSGSEND = YES;
				GCC_C_LANGUAGE_STANDARD = gnu99;
				GCC_WARN_64_TO_32_BIT_CONVERSION = YES;
				GCC_WARN_ABOUT_RETURN_TYPE = YES_ERROR;
				GCC_WARN_UNDECLARED_SELECTOR = YES;
				GCC_WARN_UNINITIALIZED_AUTOS = YES_AGGRESSIVE;
				GCC_WARN_UNUSED_FUNCTION = YES;
				GCC_WARN_UNUSED_VARIABLE = YES;
				IPHONEOS_DEPLOYMENT_TARGET = 8.1;
				MTL_ENABLE_DEBUG_INFO = NO;
				SDKROOT = iphoneos;
				VALIDATE_PRODUCT = YES;
			};
			name = Release;
		};
		6C7340F71A74DF1200C078B1 /* Debug */ = {
			isa = XCBuildConfiguration;
			baseConfigurationReference = DFD86D68A9113FEA971D0ABE /* Pods.debug.xcconfig */;
			buildSettings = {
				ASSETCATALOG_COMPILER_APPICON_NAME = AppIcon;
				INFOPLIST_FILE = "Common Roots for Counselors/Info.plist";
				IPHONEOS_DEPLOYMENT_TARGET = 7.0;
				LD_RUNPATH_SEARCH_PATHS = "$(inherited) @executable_path/Frameworks";
				PRODUCT_NAME = "$(TARGET_NAME)";
			};
			name = Debug;
		};
		6C7340F81A74DF1200C078B1 /* Release */ = {
			isa = XCBuildConfiguration;
			baseConfigurationReference = 750A4D7E8CE085187EFCE1D9 /* Pods.release.xcconfig */;
			buildSettings = {
				ASSETCATALOG_COMPILER_APPICON_NAME = AppIcon;
				INFOPLIST_FILE = "Common Roots for Counselors/Info.plist";
				IPHONEOS_DEPLOYMENT_TARGET = 7.0;
				LD_RUNPATH_SEARCH_PATHS = "$(inherited) @executable_path/Frameworks";
				PRODUCT_NAME = "$(TARGET_NAME)";
			};
			name = Release;
		};
		6C7340FA1A74DF1200C078B1 /* Debug */ = {
			isa = XCBuildConfiguration;
			buildSettings = {
				BUNDLE_LOADER = "$(TEST_HOST)";
				FRAMEWORK_SEARCH_PATHS = (
					"$(SDKROOT)/Developer/Library/Frameworks",
					"$(inherited)",
				);
				GCC_PREPROCESSOR_DEFINITIONS = (
					"DEBUG=1",
					"$(inherited)",
				);
				INFOPLIST_FILE = "Common Roots for CounselorsTests/Info.plist";
				LD_RUNPATH_SEARCH_PATHS = "$(inherited) @executable_path/Frameworks @loader_path/Frameworks";
				PRODUCT_NAME = "$(TARGET_NAME)";
				TEST_HOST = "$(BUILT_PRODUCTS_DIR)/Common Roots for Counselors.app/Common Roots for Counselors";
			};
			name = Debug;
		};
		6C7340FB1A74DF1200C078B1 /* Release */ = {
			isa = XCBuildConfiguration;
			buildSettings = {
				BUNDLE_LOADER = "$(TEST_HOST)";
				FRAMEWORK_SEARCH_PATHS = (
					"$(SDKROOT)/Developer/Library/Frameworks",
					"$(inherited)",
				);
				INFOPLIST_FILE = "Common Roots for CounselorsTests/Info.plist";
				LD_RUNPATH_SEARCH_PATHS = "$(inherited) @executable_path/Frameworks @loader_path/Frameworks";
				PRODUCT_NAME = "$(TARGET_NAME)";
				TEST_HOST = "$(BUILT_PRODUCTS_DIR)/Common Roots for Counselors.app/Common Roots for Counselors";
			};
			name = Release;
		};
/* End XCBuildConfiguration section */

/* Begin XCConfigurationList section */
		6C7340CE1A74DF1100C078B1 /* Build configuration list for PBXProject "Common Roots for Counselors" */ = {
			isa = XCConfigurationList;
			buildConfigurations = (
				6C7340F41A74DF1200C078B1 /* Debug */,
				6C7340F51A74DF1200C078B1 /* Release */,
			);
			defaultConfigurationIsVisible = 0;
			defaultConfigurationName = Release;
		};
		6C7340F61A74DF1200C078B1 /* Build configuration list for PBXNativeTarget "Common Roots for Counselors" */ = {
			isa = XCConfigurationList;
			buildConfigurations = (
				6C7340F71A74DF1200C078B1 /* Debug */,
				6C7340F81A74DF1200C078B1 /* Release */,
			);
			defaultConfigurationIsVisible = 0;
			defaultConfigurationName = Release;
		};
		6C7340F91A74DF1200C078B1 /* Build configuration list for PBXNativeTarget "Common Roots for CounselorsTests" */ = {
			isa = XCConfigurationList;
			buildConfigurations = (
				6C7340FA1A74DF1200C078B1 /* Debug */,
				6C7340FB1A74DF1200C078B1 /* Release */,
			);
			defaultConfigurationIsVisible = 0;
			defaultConfigurationName = Release;
		};
/* End XCConfigurationList section */
	};
	rootObject = 6C7340CB1A74DF1100C078B1 /* Project object */;
}
